
Microsoft Visual Studio Solution File, Format Version 12.00
# Visual Studio Version 17
VisualStudioVersion = 17.14.36429.23
MinimumVisualStudioVersion = 10.0.40219.1
Project("{8BC9CEB8-8B4A-11D0-8D11-00A0C91BC942}") = "L1T1", "L1\L1.vcxproj", "{B3DE2774-5ADC-479E-A5C5-6F5EC8D924B8}"
EndProject
Project("{8BC9CEB8-8B4A-11D0-8D11-00A0C91BC942}") = "L1T2", "..\L1T2\L1T2.vcxproj", "{EDC07ECB-2C21-4F6B-991C-CA4FC68D7A6C}"
EndProject
Global
	GlobalSection(SolutionConfigurationPlatforms) = preSolution
		Debug|x64 = Debug|x64
		Debug|x86 = Debug|x86
		Release|x64 = Release|x64
		Release|x86 = Release|x86
	EndGlobalSection
	GlobalSection(ProjectConfigurationPlatforms) = postSolution
		{B3DE2774-5ADC-479E-A5C5-6F5EC8D924B8}.Debug|x64.ActiveCfg = Debug|x64
		{B3DE2774-5ADC-479E-A5C5-6F5EC8D924B8}.Debug|x64.Build.0 = Debug|x64
		{B3DE2774-5ADC-479E-A5C5-6F5EC8D924B8}.Debug|x86.ActiveCfg = Debug|Win32
		{B3DE2774-5ADC-479E-A5C5-6F5EC8D924B8}.Debug|x86.Build.0 = Debug|Win32
		{B3DE2774-5ADC-479E-A5C5-6F5EC8D924B8}.Release|x64.ActiveCfg = Release|x64
		{B3DE2774-5ADC-479E-A5C5-6F5EC8D924B8}.Release|x64.Build.0 = Release|x64
		{B3DE2774-5ADC-479E-A5C5-6F5EC8D924B8}.Release|x86.ActiveCfg = Release|Win32
		{B3DE2774-5ADC-479E-A5C5-6F5EC8D924B8}.Release|x86.Build.0 = Release|Win32
		{EDC07ECB-2C21-4F6B-991C-CA4FC68D7A6C}.Debug|x64.ActiveCfg = Debug|x64
		{EDC07ECB-2C21-4F6B-991C-CA4FC68D7A6C}.Debug|x64.Build.0 = Debug|x64
		{EDC07ECB-2C21-4F6B-991C-CA4FC68D7A6C}.Debug|x86.ActiveCfg = Debug|Win32
		{EDC07ECB-2C21-4F6B-991C-CA4FC68D7A6C}.Debug|x86.Build.0 = Debug|Win32
		{EDC07ECB-2C21-4F6B-991C-CA4FC68D7A6C}.Release|x64.ActiveCfg = Release|x64
		{EDC07ECB-2C21-4F6B-991C-CA4FC68D7A6C}.Release|x64.Build.0 = Release|x64
		{EDC07ECB-2C21-4F6B-991C-CA4FC68D7A6C}.Release|x86.ActiveCfg = Release|Win32
		{EDC07ECB-2C21-4F6B-991C-CA4FC68D7A6C}.Release|x86.Build.0 = Release|Win32
	EndGlobalSection
	GlobalSection(SolutionProperties) = preSolution
		HideSolutionNode = FALSE
	EndGlobalSection
	GlobalSection(ExtensibilityGlobals) = postSolution
		SolutionGuid = {235E2086-F7A5-4FEE-9E35-EDD4B98B03C1}
	EndGlobalSection
EndGlobal
